
Microsoft Visual Studio Solution File, Format Version 12.00
# Visual Studio Version 16
VisualStudioVersion = 16.0.808.5
MinimumVisualStudioVersion = 10.0.40219.1
Project("{FAE04EC0-301F-11D3-BF4B-00C04F79EFBC}") = "X509certs", "X509certs.csproj", "{B423955B-8886-49CC-B409-A06F79B9ABFF}"
EndProject
Global
	GlobalSection(SolutionConfigurationPlatforms) = preSolution
		Debug|Any CPU = Debug|Any CPU
		Release|Any CPU = Release|Any CPU
	EndGlobalSection
	GlobalSection(ProjectConfigurationPlatforms) = postSolution
		{B423955B-8886-49CC-B409-A06F79B9ABFF}.Debug|Any CPU.ActiveCfg = Debug|Any CPU
		{B423955B-8886-49CC-B409-A06F79B9ABFF}.Debug|Any CPU.Build.0 = Debug|Any CPU
		{B423955B-8886-49CC-B409-A06F79B9ABFF}.Release|Any CPU.ActiveCfg = Release|Any CPU
		{B423955B-8886-49CC-B409-A06F79B9ABFF}.Release|Any CPU.Build.0 = Release|Any CPU
	EndGlobalSection
	GlobalSection(SolutionProperties) = preSolution
		HideSolutionNode = FALSE
	EndGlobalSection
	GlobalSection(ExtensibilityGlobals) = postSolution
		SolutionGuid = {30EAEE27-AE65-4ADD-8C27-A80F2AD40DF7}
	EndGlobalSection
EndGlobal
