
Microsoft Visual Studio Solution File, Format Version 12.00
# Visual Studio Version 16
VisualStudioVersion = 16.0.808.3
MinimumVisualStudioVersion = 10.0.40219.1
Project("{FAE04EC0-301F-11D3-BF4B-00C04F79EFBC}") = "X509certs", "X509Certs\X509certs.csproj", "{44C57218-37D5-4815-A278-A233044ED059}"
EndProject
Global
	GlobalSection(SolutionConfigurationPlatforms) = preSolution
		Debug|Any CPU = Debug|Any CPU
		Release|Any CPU = Release|Any CPU
	EndGlobalSection
	GlobalSection(ProjectConfigurationPlatforms) = postSolution
		{44C57218-37D5-4815-A278-A233044ED059}.Debug|Any CPU.ActiveCfg = Debug|Any CPU
		{44C57218-37D5-4815-A278-A233044ED059}.Debug|Any CPU.Build.0 = Debug|Any CPU
		{44C57218-37D5-4815-A278-A233044ED059}.Release|Any CPU.ActiveCfg = Release|Any CPU
		{44C57218-37D5-4815-A278-A233044ED059}.Release|Any CPU.Build.0 = Release|Any CPU
	EndGlobalSection
	GlobalSection(SolutionProperties) = preSolution
		HideSolutionNode = FALSE
	EndGlobalSection
	GlobalSection(ExtensibilityGlobals) = postSolution
		SolutionGuid = {CD6D2C63-31D2-47BC-86DA-7615949FD7F7}
	EndGlobalSection
EndGlobal
