
Microsoft Visual Studio Solution File, Format Version 12.00
# Visual Studio 15
Project("{FAE04EC0-301F-11D3-BF4B-00C04F79EFBC}") = "VideoAnalysis", "VideoAnalysis.csproj", "{32107452-24BE-4866-9A3B-34B85DB7B042}"
EndProject
Global
	GlobalSection(SolutionConfigurationPlatforms) = preSolution
		Debug|Any CPU = Debug|Any CPU
		Release|Any CPU = Release|Any CPU
	EndGlobalSection
	GlobalSection(ProjectConfigurationPlatforms) = postSolution
		{32107452-24BE-4866-9A3B-34B85DB7B042}.Debug|Any CPU.ActiveCfg = Debug|Any CPU
		{32107452-24BE-4866-9A3B-34B85DB7B042}.Debug|Any CPU.Build.0 = Debug|Any CPU
		{32107452-24BE-4866-9A3B-34B85DB7B042}.Release|Any CPU.ActiveCfg = Release|Any CPU
		{32107452-24BE-4866-9A3B-34B85DB7B042}.Release|Any CPU.Build.0 = Release|Any CPU
	EndGlobalSection
EndGlobal
