
Microsoft Visual Studio Solution File, Format Version 12.00
# Visual Studio 15
VisualStudioVersion = 15.0.27703.2035
MinimumVisualStudioVersion = 10.0.40219.1
Project("{FAE04EC0-301F-11D3-BF4B-00C04F79EFBC}") = "CRM", "CRM\CRM.csproj", "{0A4B0DF7-4FA4-401A-A92F-3CDC3990D460}"
EndProject
Global
	GlobalSection(SolutionConfigurationPlatforms) = preSolution
		Debug|Any CPU = Debug|Any CPU
		Release|Any CPU = Release|Any CPU
	EndGlobalSection
	GlobalSection(ProjectConfigurationPlatforms) = postSolution
		{0A4B0DF7-4FA4-401A-A92F-3CDC3990D460}.Debug|Any CPU.ActiveCfg = Debug|Any CPU
		{0A4B0DF7-4FA4-401A-A92F-3CDC3990D460}.Debug|Any CPU.Build.0 = Debug|Any CPU
		{0A4B0DF7-4FA4-401A-A92F-3CDC3990D460}.Release|Any CPU.ActiveCfg = Release|Any CPU
		{0A4B0DF7-4FA4-401A-A92F-3CDC3990D460}.Release|Any CPU.Build.0 = Release|Any CPU
	EndGlobalSection
	GlobalSection(SolutionProperties) = preSolution
		HideSolutionNode = FALSE
	EndGlobalSection
	GlobalSection(ExtensibilityGlobals) = postSolution
		SolutionGuid = {1F09D24F-623C-4E82-84DA-99D1503EFE29}
	EndGlobalSection
EndGlobal
