
Microsoft Visual Studio Solution File, Format Version 12.00
# Visual Studio 15
Project("{FAE04EC0-301F-11D3-BF4B-00C04F79EFBC}") = "PlayReadyDRM", "PlayReadyDRM.csproj", "{C9CBB436-A1B1-46A0-8810-60C890BE632B}"
EndProject
Global
	GlobalSection(SolutionConfigurationPlatforms) = preSolution
		Debug|Any CPU = Debug|Any CPU
		Release|Any CPU = Release|Any CPU
	EndGlobalSection
	GlobalSection(ProjectConfigurationPlatforms) = postSolution
		{C9CBB436-A1B1-46A0-8810-60C890BE632B}.Debug|Any CPU.ActiveCfg = Debug|Any CPU
		{C9CBB436-A1B1-46A0-8810-60C890BE632B}.Debug|Any CPU.Build.0 = Debug|Any CPU
		{C9CBB436-A1B1-46A0-8810-60C890BE632B}.Release|Any CPU.ActiveCfg = Release|Any CPU
		{C9CBB436-A1B1-46A0-8810-60C890BE632B}.Release|Any CPU.Build.0 = Release|Any CPU
	EndGlobalSection
EndGlobal
