
Microsoft Visual Studio Solution File, Format Version 12.00
# Visual Studio Version 16
VisualStudioVersion = 16.0.808.6
MinimumVisualStudioVersion = 10.0.40219.1
Project("{FAE04EC0-301F-11D3-BF4B-00C04F79EFBC}") = "SymmetricKey", "SymmetricKey.csproj", "{35510F64-76CE-46A3-B70E-A1C37EF32DCA}"
EndProject
Global
	GlobalSection(SolutionConfigurationPlatforms) = preSolution
		Debug|Any CPU = Debug|Any CPU
		Release|Any CPU = Release|Any CPU
	EndGlobalSection
	GlobalSection(ProjectConfigurationPlatforms) = postSolution
		{35510F64-76CE-46A3-B70E-A1C37EF32DCA}.Debug|Any CPU.ActiveCfg = Debug|Any CPU
		{35510F64-76CE-46A3-B70E-A1C37EF32DCA}.Debug|Any CPU.Build.0 = Debug|Any CPU
		{35510F64-76CE-46A3-B70E-A1C37EF32DCA}.Release|Any CPU.ActiveCfg = Release|Any CPU
		{35510F64-76CE-46A3-B70E-A1C37EF32DCA}.Release|Any CPU.Build.0 = Release|Any CPU
	EndGlobalSection
	GlobalSection(SolutionProperties) = preSolution
		HideSolutionNode = FALSE
	EndGlobalSection
	GlobalSection(ExtensibilityGlobals) = postSolution
		SolutionGuid = {1FE9BC10-3572-497A-B7CF-F89D16BA6992}
	EndGlobalSection
EndGlobal
